{
  "name": "assets",
  "lockfileVersion": 3,
  "requires": true,
  "packages": {
    "": {
      "dependencies": {
        "@wterm/dom": "^0.3.0"
      }
    },
    "node_modules/@wterm/core": {
      "version": "0.3.0",
      "resolved": "https://registry.npmjs.org/@wterm/core/-/core-0.3.0.tgz",
      "integrity": "sha512-aQ73QBP+eyA3kcn31mA7DmAi7qmEsQijZdmvgwxtSjCi2248EAOZgtkGDpjlspfrxyVxQbUl/IF+gCVcXt4nZQ==",
      "license": "Apache-2.0"
    },
    "node_modules/@wterm/dom": {
      "version": "0.3.0",
      "resolved": "https://registry.npmjs.org/@wterm/dom/-/dom-0.3.0.tgz",
      "integrity": "sha512-OiUl7reGSlW02yb5wGXMplMZhW2HBkBSFxvbFj15I832UK0QFIHRvhE2l6Xgae8ROn9bNLaALoKDFvcUuz80iQ==",
      "license": "Apache-2.0",
      "dependencies": {
        "@wterm/core": "0.3.0"
      }
    }
  }
}
